
Microsoft Visual Studio Solution File, Format Version 12.00
# Visual Studio Version 16
VisualStudioVersion = 16.0.29001.49
MinimumVisualStudioVersion = 10.0.40219.1
Project("{FAE04EC0-301F-11D3-BF4B-00C04F79EFBC}") = "Interger", "Interger\Interger.csproj", "{4A3B14F3-7EEE-4DF5-9168-7059EF5395E8}"
EndProject
Project("{2150E333-8FDC-42A3-9474-1A3956D46DE8}") = "Solution Items", "Solution Items", "{6E5D9FB0-45DD-4FDB-AA2A-D99E328E217F}"
	ProjectSection(SolutionItems) = preProject
		Class1.cs = Class1.cs
	EndProjectSection
EndProject
Global
	GlobalSection(SolutionConfigurationPlatforms) = preSolution
		Debug|Any CPU = Debug|Any CPU
		Release|Any CPU = Release|Any CPU
	EndGlobalSection
	GlobalSection(ProjectConfigurationPlatforms) = postSolution
		{4A3B14F3-7EEE-4DF5-9168-7059EF5395E8}.Debug|Any CPU.ActiveCfg = Debug|Any CPU
		{4A3B14F3-7EEE-4DF5-9168-7059EF5395E8}.Debug|Any CPU.Build.0 = Debug|Any CPU
		{4A3B14F3-7EEE-4DF5-9168-7059EF5395E8}.Release|Any CPU.ActiveCfg = Release|Any CPU
		{4A3B14F3-7EEE-4DF5-9168-7059EF5395E8}.Release|Any CPU.Build.0 = Release|Any CPU
	EndGlobalSection
	GlobalSection(SolutionProperties) = preSolution
		HideSolutionNode = FALSE
	EndGlobalSection
	GlobalSection(ExtensibilityGlobals) = postSolution
		SolutionGuid = {97C1611D-0864-4EB1-B840-357AEE1ADABE}
	EndGlobalSection
EndGlobal
